%{
  "elixir_make": {:hex, :elixir_make, "0.7.1", "314f2a5450254db0446ba94cc1ba12a25b83b457f24aa9cc21c128cead5d03aa", [:mix], [{:castore, "~> 0.1", [hex: :castore, repo: "hexpm", optional: true]}], "hexpm", "0f1ad4787b4d7489563351cbf85c9221a852f5441364a2cb3ffd36f2fda7f7fb"},
  "matrex": {:hex, :matrex, "0.6.8", "ccb491e661bae7931ee6b0e68f5e1cd28528e5360a59bc3ab4d759b89be1701e", [:make], [{:elixir_make, "~> 0.4", [hex: :elixir_make, repo: "hexpm", optional: false]}], "hexpm", "043ef9fdd9809b012568915f2fc396ea5c5631fd792f75c1148f03d478d60901"},
}
